PODS:
  - AFNetworking (4.0.1):
    - AFNetworking/NSURLSession (= 4.0.1)
    - AFNetworking/Reachability (= 4.0.1)
    - AFNetworking/Security (= 4.0.1)
    - AFNetworking/Serialization (= 4.0.1)
    - AFNetworking/UIKit (= 4.0.1)
  - AFNetworking/NSURLSession (4.0.1):
    - AFNetworking/Reachability
    - AFNetworking/Security
    - AFNetworking/Serialization
  - AFNetworking/Reachability (4.0.1)
  - AFNetworking/Security (4.0.1)
  - AFNetworking/Serialization (4.0.1)
  - AFNetworking/UIKit (4.0.1):
    - AFNetworking/NSURLSession
  - SocketRocket (0.5.1)
  - WebRTC (63.11.20455)

DEPENDENCIES:
  - AFNetworking
  - SocketRocket
  - WebRTC

SPEC REPOS:
  https://github.com/CocoaPods/Specs.git:
    - AFNetworking
    - WebRTC
  trunk:
    - SocketRocket

SPEC CHECKSUMS:
  AFNetworking: 7864c38297c79aaca1500c33288e429c3451fdce
  SocketRocket: d57c7159b83c3c6655745cd15302aa24b6bae531
  WebRTC: f2a6203584745fe53532633397557876b5d71640

PODFILE CHECKSUM: 1b362a0803fe878968b61060492b6bb220ec1442

COCOAPODS: 1.10.1
